
Microsoft Visual Studio Solution File, Format Version 12.00
# Visual Studio 15
VisualStudioVersion = 15.0.28307.136
MinimumVisualStudioVersion = 10.0.40219.1
Project("{930C7802-8A8C-48F9-8165-68863BCCD9DD}") = "CaptureOne_FilmStyles", "CaptureOne_FilmStyles.wixproj", "{349CC1D9-FF32-4728-9F57-414D0A6F9530}"
EndProject
Global
	GlobalSection(SolutionConfigurationPlatforms) = preSolution
		Debug|x86 = Debug|x86
		Release|x86 = Release|x86
	EndGlobalSection
	GlobalSection(ProjectConfigurationPlatforms) = postSolution
		{349CC1D9-FF32-4728-9F57-414D0A6F9530}.Debug|x86.ActiveCfg = Debug|x86
		{349CC1D9-FF32-4728-9F57-414D0A6F9530}.Debug|x86.Build.0 = Debug|x86
		{349CC1D9-FF32-4728-9F57-414D0A6F9530}.Release|x86.ActiveCfg = Release|x86
		{349CC1D9-FF32-4728-9F57-414D0A6F9530}.Release|x86.Build.0 = Release|x86
	EndGlobalSection
	GlobalSection(SolutionProperties) = preSolution
		HideSolutionNode = FALSE
	EndGlobalSection
	GlobalSection(ExtensibilityGlobals) = postSolution
		SolutionGuid = {0458914B-B3E8-48D2-AF9E-2D5226C5C752}
	EndGlobalSection
EndGlobal
